
Microsoft Visual Studio Solution File, Format Version 12.00
# Visual Studio Version 16
VisualStudioVersion = 16.0.29709.97
MinimumVisualStudioVersion = 10.0.40219.1
Project("{FAE04EC0-301F-11D3-BF4B-00C04F79EFBC}") = "EFCoreWeb", "EFCoreWeb\EFCoreWeb.csproj", "{ABB91283-C7E9-44B0-A70A-721A6111FBF1}"
EndProject
Project("{FAE04EC0-301F-11D3-BF4B-00C04F79EFBC}") = "EFDataAccessLibrary", "EFDataAccessLibrary\EFDataAccessLibrary.csproj", "{E2080A2D-A5E6-4C2D-BBC1-086E36E6A796}"
EndProject
Global
	GlobalSection(SolutionConfigurationPlatforms) = preSolution
		Debug|Any CPU = Debug|Any CPU
		Release|Any CPU = Release|Any CPU
	EndGlobalSection
	GlobalSection(ProjectConfigurationPlatforms) = postSolution
		{ABB91283-C7E9-44B0-A70A-721A6111FBF1}.Debug|Any CPU.ActiveCfg = Debug|Any CPU
		{ABB91283-C7E9-44B0-A70A-721A6111FBF1}.Debug|Any CPU.Build.0 = Debug|Any CPU
		{ABB91283-C7E9-44B0-A70A-721A6111FBF1}.Release|Any CPU.ActiveCfg = Release|Any CPU
		{ABB91283-C7E9-44B0-A70A-721A6111FBF1}.Release|Any CPU.Build.0 = Release|Any CPU
		{E2080A2D-A5E6-4C2D-BBC1-086E36E6A796}.Debug|Any CPU.ActiveCfg = Debug|Any CPU
		{E2080A2D-A5E6-4C2D-BBC1-086E36E6A796}.Debug|Any CPU.Build.0 = Debug|Any CPU
		{E2080A2D-A5E6-4C2D-BBC1-086E36E6A796}.Release|Any CPU.ActiveCfg = Release|Any CPU
		{E2080A2D-A5E6-4C2D-BBC1-086E36E6A796}.Release|Any CPU.Build.0 = Release|Any CPU
	EndGlobalSection
	GlobalSection(SolutionProperties) = preSolution
		HideSolutionNode = FALSE
	EndGlobalSection
	GlobalSection(ExtensibilityGlobals) = postSolution
		SolutionGuid = {64B4DFCC-0B5D-4529-8F69-1AE94C4CDAE9}
	EndGlobalSection
EndGlobal
